// !$*UTF8*$!
{
	archiveVersion = 1;
	classes = {
	};
	objectVersion = 50;
	objects = {

/* Begin PBXBuildFile section */
		7B454FF2219C0BFF002BC918 /* AppDelegate.swift in Sources */ = {isa = PBXBuildFile; fileRef = 7B454FF1219C0BFF002BC918 /* AppDelegate.swift */; };
		7B454FF4219C0BFF002BC918 /* ViewController.swift in Sources */ = {isa = PBXBuildFile; fileRef = 7B454FF3219C0BFF002BC918 /* ViewController.swift */; };
		7B454FF7219C0BFF002BC918 /* Main.storyboard in Resources */ = {isa = PBXBuildFile; fileRef = 7B454FF5219C0BFF002BC918 /* Main.storyboard */; };
		7B454FF9219C0C01002BC918 /* Assets.xcassets in Resources */ = {isa = PBXBuildFile; fileRef = 7B454FF8219C0C01002BC918 /* Assets.xcassets */; };
		7B454FFC219C0C01002BC918 /* LaunchScreen.storyboard in Resources */ = {isa = PBXBuildFile; fileRef = 7B454FFA219C0C01002BC918 /* LaunchScreen.storyboard */; };
		7B455004219C0DCD002BC918 /* User.swift in Sources */ = {isa = PBXBuildFile; fileRef = 7B455003219C0DCD002BC918 /* User.swift */; };
		7B455006219C0DE0002BC918 /* Product.swift in Sources */ = {isa = PBXBuildFile; fileRef = 7B455005219C0DE0002BC918 /* Product.swift */; };
		7B455008219C0DF8002BC918 /* Store.swift in Sources */ = {isa = PBXBuildFile; fileRef = 7B455007219C0DF8002BC918 /* Store.swift */; };
		7B45500A219C0FA1002BC918 /* ProductTableViewCell.swift in Sources */ = {isa = PBXBuildFile; fileRef = 7B455009219C0FA1002BC918 /* ProductTableViewCell.swift */; };
		7B45500C219C12C6002BC918 /* storeProductViewController.swift in Sources */ = {isa = PBXBuildFile; fileRef = 7B45500B219C12C6002BC918 /* storeProductViewController.swift */; };
		7B45500E219C8AFF002BC918 /* productHorizontalCollectionViewCell.swift in Sources */ = {isa = PBXBuildFile; fileRef = 7B45500D219C8AFF002BC918 /* productHorizontalCollectionViewCell.swift */; };
		7B455013219CB190002BC918 /* navMainViewController.swift in Sources */ = {isa = PBXBuildFile; fileRef = 7B455012219CB190002BC918 /* navMainViewController.swift */; };
		7B455015219CDFDB002BC918 /* Reiview.swift in Sources */ = {isa = PBXBuildFile; fileRef = 7B455014219CDFDB002BC918 /* Reiview.swift */; };
		7B455017219CE6C1002BC918 /* productDetailViewController.swift in Sources */ = {isa = PBXBuildFile; fileRef = 7B455016219CE6C1002BC918 /* productDetailViewController.swift */; };
		7B455019219D25A1002BC918 /* ReviewDisplayTableViewCell.swift in Sources */ = {isa = PBXBuildFile; fileRef = 7B455018219D25A1002BC918 /* ReviewDisplayTableViewCell.swift */; };
		7B45501B219D382D002BC918 /* tagCollectionViewCell.swift in Sources */ = {isa = PBXBuildFile; fileRef = 7B45501A219D382D002BC918 /* tagCollectionViewCell.swift */; };
/* End PBXBuildFile section */

/* Begin PBXFileReference section */
		7B454FEE219C0BFF002BC918 /* Cosmo.app */ = {isa = PBXFileReference; explicitFileType = wrapper.application; includeInIndex = 0; path = Cosmo.app; sourceTree = BUILT_PRODUCTS_DIR; };
		7B454FF1219C0BFF002BC918 /* AppDelegate.swift */ = {isa = PBXFileReference; lastKnownFileType = sourcecode.swift; path = AppDelegate.swift; sourceTree = "<group>"; };
		7B454FF3219C0BFF002BC918 /* ViewController.swift */ = {isa = PBXFileReference; lastKnownFileType = sourcecode.swift; path = ViewController.swift; sourceTree = "<group>"; };
		7B454FF6219C0BFF002BC918 /* Base */ = {isa = PBXFileReference; lastKnownFileType = file.storyboard; name = Base; path = Base.lproj/Main.storyboard; sourceTree = "<group>"; };
		7B454FF8219C0C01002BC918 /* Assets.xcassets */ = {isa = PBXFileReference; lastKnownFileType = folder.assetcatalog; path = Assets.xcassets; sourceTree = "<group>"; };
		7B454FFB219C0C01002BC918 /* Base */ = {isa = PBXFileReference; lastKnownFileType = file.storyboard; name = Base; path = Base.lproj/LaunchScreen.storyboard; sourceTree = "<group>"; };
		7B454FFD219C0C01002BC918 /* Info.plist */ = {isa = PBXFileReference; lastKnownFileType = text.plist.xml; path = Info.plist; sourceTree = "<group>"; };
		7B455003219C0DCD002BC918 /* User.swift */ = {isa = PBXFileReference; lastKnownFileType = sourcecode.swift; path = User.swift; sourceTree = "<group>"; };
		7B455005219C0DE0002BC918 /* Product.swift */ = {isa = PBXFileReference; lastKnownFileType = sourcecode.swift; path = Product.swift; sourceTree = "<group>"; };
		7B455007219C0DF8002BC918 /* Store.swift */ = {isa = PBXFileReference; lastKnownFileType = sourcecode.swift; path = Store.swift; sourceTree = "<group>"; };
		7B455009219C0FA1002BC918 /* ProductTableViewCell.swift */ = {isa = PBXFileReference; lastKnownFileType = sourcecode.swift; path = ProductTableViewCell.swift; sourceTree = "<group>"; };
		7B45500B219C12C6002BC918 /* storeProductViewController.swift */ = {isa = PBXFileReference; lastKnownFileType = sourcecode.swift; path = storeProductViewController.swift; sourceTree = "<group>"; };
		7B45500D219C8AFF002BC918 /* productHorizontalCollectionViewCell.swift */ = {isa = PBXFileReference; lastKnownFileType = sourcecode.swift; path = productHorizontalCollectionViewCell.swift; sourceTree = "<group>"; };
		7B455012219CB190002BC918 /* navMainViewController.swift */ = {isa = PBXFileReference; lastKnownFileType = sourcecode.swift; path = navMainViewController.swift; sourceTree = "<group>"; };
		7B455014219CDFDB002BC918 /* Reiview.swift */ = {isa = PBXFileReference; lastKnownFileType = sourcecode.swift; path = Reiview.swift; sourceTree = "<group>"; };
		7B455016219CE6C1002BC918 /* productDetailViewController.swift */ = {isa = PBXFileReference; lastKnownFileType = sourcecode.swift; path = productDetailViewController.swift; sourceTree = "<group>"; };
		7B455018219D25A1002BC918 /* ReviewDisplayTableViewCell.swift */ = {isa = PBXFileReference; lastKnownFileType = sourcecode.swift; path = ReviewDisplayTableViewCell.swift; sourceTree = "<group>"; };
		7B45501A219D382D002BC918 /* tagCollectionViewCell.swift */ = {isa = PBXFileReference; lastKnownFileType = sourcecode.swift; path = tagCollectionViewCell.swift; sourceTree = "<group>"; };
/* End PBXFileReference section */

/* Begin PBXFrameworksBuildPhase section */
		7B454FEB219C0BFF002BC918 /* Frameworks */ = {
			isa = PBXFrameworksBuildPhase;
			buildActionMask = 2147483647;
			files = (
			);
			runOnlyForDeploymentPostprocessing = 0;
		};
/* End PBXFrameworksBuildPhase section */

/* Begin PBXGroup section */
		7B454FE5219C0BFF002BC918 = {
			isa = PBXGroup;
			children = (
				7B454FF0219C0BFF002BC918 /* Cosmo */,
				7B454FEF219C0BFF002BC918 /* Products */,
			);
			sourceTree = "<group>";
		};
		7B454FEF219C0BFF002BC918 /* Products */ = {
			isa = PBXGroup;
			children = (
				7B454FEE219C0BFF002BC918 /* Cosmo.app */,
			);
			name = Products;
			sourceTree = "<group>";
		};
		7B454FF0219C0BFF002BC918 /* Cosmo */ = {
			isa = PBXGroup;
			children = (
				7B455011219CAEC5002BC918 /* View */,
				7B455010219CAEBD002BC918 /* Controller */,
				7B45500F219CAEB3002BC918 /* Model */,
				7B454FF1219C0BFF002BC918 /* AppDelegate.swift */,
				7B454FF8219C0C01002BC918 /* Assets.xcassets */,
				7B454FFD219C0C01002BC918 /* Info.plist */,
			);
			path = Cosmo;
			sourceTree = "<group>";
		};
		7B45500F219CAEB3002BC918 /* Model */ = {
			isa = PBXGroup;
			children = (
				7B455003219C0DCD002BC918 /* User.swift */,
				7B455005219C0DE0002BC918 /* Product.swift */,
				7B455007219C0DF8002BC918 /* Store.swift */,
				7B455014219CDFDB002BC918 /* Reiview.swift */,
			);
			path = Model;
			sourceTree = "<group>";
		};
		7B455010219CAEBD002BC918 /* Controller */ = {
			isa = PBXGroup;
			children = (
				7B45500B219C12C6002BC918 /* storeProductViewController.swift */,
				7B454FF3219C0BFF002BC918 /* ViewController.swift */,
				7B455012219CB190002BC918 /* navMainViewController.swift */,
				7B455016219CE6C1002BC918 /* productDetailViewController.swift */,
			);
			path = Controller;
			sourceTree = "<group>";
		};
		7B455011219CAEC5002BC918 /* View */ = {
			isa = PBXGroup;
			children = (
				7B454FF5219C0BFF002BC918 /* Main.storyboard */,
				7B454FFA219C0C01002BC918 /* LaunchScreen.storyboard */,
				7B455009219C0FA1002BC918 /* ProductTableViewCell.swift */,
				7B45500D219C8AFF002BC918 /* productHorizontalCollectionViewCell.swift */,
				7B455018219D25A1002BC918 /* ReviewDisplayTableViewCell.swift */,
				7B45501A219D382D002BC918 /* tagCollectionViewCell.swift */,
			);
			path = View;
			sourceTree = "<group>";
		};
/* End PBXGroup section */

/* Begin PBXNativeTarget section */
		7B454FED219C0BFF002BC918 /* Cosmo */ = {
			isa = PBXNativeTarget;
			buildConfigurationList = 7B455000219C0C01002BC918 /* Build configuration list for PBXNativeTarget "Cosmo" */;
			buildPhases = (
				7B454FEA219C0BFF002BC918 /* Sources */,
				7B454FEB219C0BFF002BC918 /* Frameworks */,
				7B454FEC219C0BFF002BC918 /* Resources */,
			);
			buildRules = (
			);
			dependencies = (
			);
			name = Cosmo;
			productName = Cosmo;
			productReference = 7B454FEE219C0BFF002BC918 /* Cosmo.app */;
			productType = "com.apple.product-type.application";
		};
/* End PBXNativeTarget section */

/* Begin PBXProject section */
		7B454FE6219C0BFF002BC918 /* Project object */ = {
			isa = PBXProject;
			attributes = {
				LastSwiftUpdateCheck = 1010;
				LastUpgradeCheck = 1010;
				ORGANIZATIONNAME = "Siyu Yao";
				TargetAttributes = {
					7B454FED219C0BFF002BC918 = {
						CreatedOnToolsVersion = 10.1;
					};
				};
			};
			buildConfigurationList = 7B454FE9219C0BFF002BC918 /* Build configuration list for PBXProject "Cosmo" */;
			compatibilityVersion = "Xcode 9.3";
			developmentRegion = en;
			hasScannedForEncodings = 0;
			knownRegions = (
				en,
				Base,
			);
			mainGroup = 7B454FE5219C0BFF002BC918;
			productRefGroup = 7B454FEF219C0BFF002BC918 /* Products */;
			projectDirPath = "";
			projectRoot = "";
			targets = (
				7B454FED219C0BFF002BC918 /* Cosmo */,
			);
		};
/* End PBXProject section */

/* Begin PBXResourcesBuildPhase section */
		7B454FEC219C0BFF002BC918 /* Resources */ = {
			isa = PBXResourcesBuildPhase;
			buildActionMask = 2147483647;
			files = (
				7B454FFC219C0C01002BC918 /* LaunchScreen.storyboard in Resources */,
				7B454FF9219C0C01002BC918 /* Assets.xcassets in Resources */,
				7B454FF7219C0BFF002BC918 /* Main.storyboard in Resources */,
			);
			runOnlyForDeploymentPostprocessing = 0;
		};
/* End PBXResourcesBuildPhase section */

/* Begin PBXSourcesBuildPhase section */
		7B454FEA219C0BFF002BC918 /* Sources */ = {
			isa = PBXSourcesBuildPhase;
			buildActionMask = 2147483647;
			files = (
				7B455019219D25A1002BC918 /* ReviewDisplayTableViewCell.swift in Sources */,
				7B455008219C0DF8002BC918 /* Store.swift in Sources */,
				7B454FF4219C0BFF002BC918 /* ViewController.swift in Sources */,
				7B455006219C0DE0002BC918 /* Product.swift in Sources */,
				7B455015219CDFDB002BC918 /* Reiview.swift in Sources */,
				7B454FF2219C0BFF002BC918 /* AppDelegate.swift in Sources */,
				7B45500C219C12C6002BC918 /* storeProductViewController.swift in Sources */,
				7B45501B219D382D002BC918 /* tagCollectionViewCell.swift in Sources */,
				7B455004219C0DCD002BC918 /* User.swift in Sources */,
				7B455013219CB190002BC918 /* navMainViewController.swift in Sources */,
				7B45500E219C8AFF002BC918 /* productHorizontalCollectionViewCell.swift in Sources */,
				7B45500A219C0FA1002BC918 /* ProductTableViewCell.swift in Sources */,
				7B455017219CE6C1002BC918 /* productDetailViewController.swift in Sources */,
			);
			runOnlyForDeploymentPostprocessing = 0;
		};
/* End PBXSourcesBuildPhase section */

/* Begin PBXVariantGroup section */
		7B454FF5219C0BFF002BC918 /* Main.storyboard */ = {
			isa = PBXVariantGroup;
			children = (
				7B454FF6219C0BFF002BC918 /* Base */,
			);
			name = Main.storyboard;
			sourceTree = "<group>";
		};
		7B454FFA219C0C01002BC918 /* LaunchScreen.storyboard */ = {
			isa = PBXVariantGroup;
			children = (
				7B454FFB219C0C01002BC918 /* Base */,
			);
			name = LaunchScreen.storyboard;
			sourceTree = "<group>";
		};
/* End PBXVariantGroup section */

/* Begin XCBuildConfiguration section */
		7B454FFE219C0C01002BC918 /* Debug */ = {
			isa = XCBuildConfiguration;
			buildSettings = {
				ALWAYS_SEARCH_USER_PATHS = NO;
				CLANG_ANALYZER_NONNULL = YES;
				CLANG_ANALYZER_NUMBER_OBJECT_CONVERSION = YES_AGGRESSIVE;
				CLANG_CXX_LANGUAGE_STANDARD = "gnu++14";
				CLANG_CXX_LIBRARY = "libc++";
				CLANG_ENABLE_MODULES = YES;
				CLANG_ENABLE_OBJC_ARC = YES;
				CLANG_ENABLE_OBJC_WEAK = YES;
				CLANG_WARN_BLOCK_CAPTURE_AUTORELEASING = YES;
				CLANG_WARN_BOOL_CONVERSION = YES;
				CLANG_WARN_COMMA = YES;
				CLANG_WARN_CONSTANT_CONVERSION = YES;
				CLANG_WARN_DEPRECATED_OBJC_IMPLEMENTATIONS = YES;
				CLANG_WARN_DIRECT_OBJC_ISA_USAGE = YES_ERROR;
				CLANG_WARN_DOCUMENTATION_COMMENTS = YES;
				CLANG_WARN_EMPTY_BODY = YES;
				CLANG_WARN_ENUM_CONVERSION = YES;
				CLANG_WARN_INFINITE_RECURSION = YES;
				CLANG_WARN_INT_CONVERSION = YES;
				CLANG_WARN_NON_LITERAL_NULL_CONVERSION = YES;
				CLANG_WARN_OBJC_IMPLICIT_RETAIN_SELF = YES;
				CLANG_WARN_OBJC_LITERAL_CONVERSION = YES;
				CLANG_WARN_OBJC_ROOT_CLASS = YES_ERROR;
				CLANG_WARN_RANGE_LOOP_ANALYSIS = YES;
				CLANG_WARN_STRICT_PROTOTYPES = YES;
				CLANG_WARN_SUSPICIOUS_MOVE = YES;
				CLANG_WARN_UNGUARDED_AVAILABILITY = YES_AGGRESSIVE;
				CLANG_WARN_UNREACHABLE_CODE = YES;
				CLANG_WARN__DUPLICATE_METHOD_MATCH = YES;
				CODE_SIGN_IDENTITY = "iPhone Developer";
				COPY_PHASE_STRIP = NO;
				DEBUG_INFORMATION_FORMAT = dwarf;
				ENABLE_STRICT_OBJC_MSGSEND = YES;
				ENABLE_TESTABILITY = YES;
				GCC_C_LANGUAGE_STANDARD = gnu11;
				GCC_DYNAMIC_NO_PIC = NO;
				GCC_NO_COMMON_BLOCKS = YES;
				GCC_OPTIMIZATION_LEVEL = 0;
				GCC_PREPROCESSOR_DEFINITIONS = (
					"DEBUG=1",
					"$(inherited)",
				);
				GCC_WARN_64_TO_32_BIT_CONVERSION = YES;
				GCC_WARN_ABOUT_RETURN_TYPE = YES_ERROR;
				GCC_WARN_UNDECLARED_SELECTOR = YES;
				GCC_WARN_UNINITIALIZED_AUTOS = YES_AGGRESSIVE;
				GCC_WARN_UNUSED_FUNCTION = YES;
				GCC_WARN_UNUSED_VARIABLE = YES;
				IPHONEOS_DEPLOYMENT_TARGET = 12.1;
				MTL_ENABLE_DEBUG_INFO = INCLUDE_SOURCE;
				MTL_FAST_MATH = YES;
				ONLY_ACTIVE_ARCH = YES;
				SDKROOT = iphoneos;
				SWIFT_ACTIVE_COMPILATION_CONDITIONS = DEBUG;
				SWIFT_OPTIMIZATION_LEVEL = "-Onone";
			};
			name = Debug;
		};
		7B454FFF219C0C01002BC918 /* Release */ = {
			isa = XCBuildConfiguration;
			buildSettings = {
				ALWAYS_SEARCH_USER_PATHS = NO;
				CLANG_ANALYZER_NONNULL = YES;
				CLANG_ANALYZER_NUMBER_OBJECT_CONVERSION = YES_AGGRESSIVE;
				CLANG_CXX_LANGUAGE_STANDARD = "gnu++14";
				CLANG_CXX_LIBRARY = "libc++";
				CLANG_ENABLE_MODULES = YES;
				CLANG_ENABLE_OBJC_ARC = YES;
				CLANG_ENABLE_OBJC_WEAK = YES;
				CLANG_WARN_BLOCK_CAPTURE_AUTORELEASING = YES;
				CLANG_WARN_BOOL_CONVERSION = YES;
				CLANG_WARN_COMMA = YES;
				CLANG_WARN_CONSTANT_CONVERSION = YES;
				CLANG_WARN_DEPRECATED_OBJC_IMPLEMENTATIONS = YES;
				CLANG_WARN_DIRECT_OBJC_ISA_USAGE = YES_ERROR;
				CLANG_WARN_DOCUMENTATION_COMMENTS = YES;
				CLANG_WARN_EMPTY_BODY = YES;
				CLANG_WARN_ENUM_CONVERSION = YES;
				CLANG_WARN_INFINITE_RECURSION = YES;
				CLANG_WARN_INT_CONVERSION = YES;
				CLANG_WARN_NON_LITERAL_NULL_CONVERSION = YES;
				CLANG_WARN_OBJC_IMPLICIT_RETAIN_SELF = YES;
				CLANG_WARN_OBJC_LITERAL_CONVERSION = YES;
				CLANG_WARN_OBJC_ROOT_CLASS = YES_ERROR;
				CLANG_WARN_RANGE_LOOP_ANALYSIS = YES;
				CLANG_WARN_STRICT_PROTOTYPES = YES;
				CLANG_WARN_SUSPICIOUS_MOVE = YES;
				CLANG_WARN_UNGUARDED_AVAILABILITY = YES_AGGRESSIVE;
				CLANG_WARN_UNREACHABLE_CODE = YES;
				CLANG_WARN__DUPLICATE_METHOD_MATCH = YES;
				CODE_SIGN_IDENTITY = "iPhone Developer";
				COPY_PHASE_STRIP = NO;
				DEBUG_INFORMATION_FORMAT = "dwarf-with-dsym";
				ENABLE_NS_ASSERTIONS = NO;
				ENABLE_STRICT_OBJC_MSGSEND = YES;
				GCC_C_LANGUAGE_STANDARD = gnu11;
				GCC_NO_COMMON_BLOCKS = YES;
				GCC_WARN_64_TO_32_BIT_CONVERSION = YES;
				GCC_WARN_ABOUT_RETURN_TYPE = YES_ERROR;
				GCC_WARN_UNDECLARED_SELECTOR = YES;
				GCC_WARN_UNINITIALIZED_AUTOS = YES_AGGRESSIVE;
				GCC_WARN_UNUSED_FUNCTION = YES;
				GCC_WARN_UNUSED_VARIABLE = YES;
				IPHONEOS_DEPLOYMENT_TARGET = 12.1;
				MTL_ENABLE_DEBUG_INFO = NO;
				MTL_FAST_MATH = YES;
				SDKROOT = iphoneos;
				SWIFT_COMPILATION_MODE = wholemodule;
				SWIFT_OPTIMIZATION_LEVEL = "-O";
				VALIDATE_PRODUCT = YES;
			};
			name = Release;
		};
		7B455001219C0C01002BC918 /* Debug */ = {
			isa = XCBuildConfiguration;
			buildSettings = {
				ASSETCATALOG_COMPILER_APPICON_NAME = AppIcon;
				CODE_SIGN_STYLE = Automatic;
				DEVELOPMENT_TEAM = F8TA247T6K;
				INFOPLIST_FILE = Cosmo/Info.plist;
				LD_RUNPATH_SEARCH_PATHS = (
					"$(inherited)",
					"@executable_path/Frameworks",
				);
				PRODUCT_BUNDLE_IDENTIFIER = com.siyuyao.Cosmo;
				PRODUCT_NAME = "$(TARGET_NAME)";
				SWIFT_VERSION = 4.2;
				TARGETED_DEVICE_FAMILY = "1,2";
			};
			name = Debug;
		};
		7B455002219C0C01002BC918 /* Release */ = {
			isa = XCBuildConfiguration;
			buildSettings = {
				ASSETCATALOG_COMPILER_APPICON_NAME = AppIcon;
				CODE_SIGN_STYLE = Automatic;
				DEVELOPMENT_TEAM = F8TA247T6K;
				INFOPLIST_FILE = Cosmo/Info.plist;
				LD_RUNPATH_SEARCH_PATHS = (
					"$(inherited)",
					"@executable_path/Frameworks",
				);
				PRODUCT_BUNDLE_IDENTIFIER = com.siyuyao.Cosmo;
				PRODUCT_NAME = "$(TARGET_NAME)";
				SWIFT_VERSION = 4.2;
				TARGETED_DEVICE_FAMILY = "1,2";
			};
			name = Release;
		};
/* End XCBuildConfiguration section */

/* Begin XCConfigurationList section */
		7B454FE9219C0BFF002BC918 /* Build configuration list for PBXProject "Cosmo" */ = {
			isa = XCConfigurationList;
			buildConfigurations = (
				7B454FFE219C0C01002BC918 /* Debug */,
				7B454FFF219C0C01002BC918 /* Release */,
			);
			defaultConfigurationIsVisible = 0;
			defaultConfigurationName = Release;
		};
		7B455000219C0C01002BC918 /* Build configuration list for PBXNativeTarget "Cosmo" */ = {
			isa = XCConfigurationList;
			buildConfigurations = (
				7B455001219C0C01002BC918 /* Debug */,
				7B455002219C0C01002BC918 /* Release */,
			);
			defaultConfigurationIsVisible = 0;
			defaultConfigurationName = Release;
		};
/* End XCConfigurationList section */
	};
	rootObject = 7B454FE6219C0BFF002BC918 /* Project object */;
}
